// !$*UTF8*$!
{
	archiveVersion = 1;
	classes = {
	};
	objectVersion = 56;
	objects = {

/* Begin PBXBuildFile section */
		6E48D3E42AD50ECA00DF255A /* AppleWizardsApp.swift in Sources */ = {isa = PBXBuildFile; fileRef = 6E48D3E32AD50ECA00DF255A /* AppleWizardsApp.swift */; };
		6E48D3E62AD50ECA00DF255A /* ContentView.swift in Sources */ = {isa = PBXBuildFile; fileRef = 6E48D3E52AD50ECA00DF255A /* ContentView.swift */; };
		6E48D3E82AD50ECB00DF255A /* Assets.xcassets in Resources */ = {isa = PBXBuildFile; fileRef = 6E48D3E72AD50ECB00DF255A /* Assets.xcassets */; };
		6E48D3EB2AD50ECB00DF255A /* Preview Assets.xcassets in Resources */ = {isa = PBXBuildFile; fileRef = 6E48D3EA2AD50ECB00DF255A /* Preview Assets.xcassets */; };
		6E48D3F22AD50F4100DF255A /* MapView.swift in Sources */ = {isa = PBXBuildFile; fileRef = 6E48D3F12AD50F4100DF255A /* MapView.swift */; };
		6E48D3F42AD50FD600DF255A /* StatisticsOverlayView.swift in Sources */ = {isa = PBXBuildFile; fileRef = 6E48D3F32AD50FD600DF255A /* StatisticsOverlayView.swift */; };
		6E48D3F62AD5101900DF255A /* LoadingView.swift in Sources */ = {isa = PBXBuildFile; fileRef = 6E48D3F52AD5101900DF255A /* LoadingView.swift */; };
		6E48D3F82AD5105B00DF255A /* CommunityGuidelinesView.swift in Sources */ = {isa = PBXBuildFile; fileRef = 6E48D3F72AD5105B00DF255A /* CommunityGuidelinesView.swift */; };
		6E48D3FB2AD513AF00DF255A /* EmojiListView.swift in Sources */ = {isa = PBXBuildFile; fileRef = 6E48D3FA2AD513AF00DF255A /* EmojiListView.swift */; };
		6E48D3FD2AD5140100DF255A /* EmojiGridView.swift in Sources */ = {isa = PBXBuildFile; fileRef = 6E48D3FC2AD5140100DF255A /* EmojiGridView.swift */; };
		6E48D3FF2AD5157900DF255A /* LoadingScreen.mov in Resources */ = {isa = PBXBuildFile; fileRef = 6E48D3FE2AD5157900DF255A /* LoadingScreen.mov */; };
/* End PBXBuildFile section */

/* Begin PBXFileReference section */
		6E48D3E02AD50ECA00DF255A /* The Feelings Map.app */ = {isa = PBXFileReference; explicitFileType = wrapper.application; includeInIndex = 0; path = "The Feelings Map.app"; sourceTree = BUILT_PRODUCTS_DIR; };
		6E48D3E32AD50ECA00DF255A /* AppleWizardsApp.swift */ = {isa = PBXFileReference; lastKnownFileType = sourcecode.swift; path = AppleWizardsApp.swift; sourceTree = "<group>"; };
		6E48D3E52AD50ECA00DF255A /* ContentView.swift */ = {isa = PBXFileReference; lastKnownFileType = sourcecode.swift; path = ContentView.swift; sourceTree = "<group>"; };
		6E48D3E72AD50ECB00DF255A /* Assets.xcassets */ = {isa = PBXFileReference; lastKnownFileType = folder.assetcatalog; path = Assets.xcassets; sourceTree = "<group>"; };
		6E48D3EA2AD50ECB00DF255A /* Preview Assets.xcassets */ = {isa = PBXFileReference; lastKnownFileType = folder.assetcatalog; path = "Preview Assets.xcassets"; sourceTree = "<group>"; };
		6E48D3F12AD50F4100DF255A /* MapView.swift */ = {isa = PBXFileReference; lastKnownFileType = sourcecode.swift; path = MapView.swift; sourceTree = "<group>"; };
		6E48D3F32AD50FD600DF255A /* StatisticsOverlayView.swift */ = {isa = PBXFileReference; lastKnownFileType = sourcecode.swift; path = StatisticsOverlayView.swift; sourceTree = "<group>"; };
		6E48D3F52AD5101900DF255A /* LoadingView.swift */ = {isa = PBXFileReference; lastKnownFileType = sourcecode.swift; path = LoadingView.swift; sourceTree = "<group>"; };
		6E48D3F72AD5105B00DF255A /* CommunityGuidelinesView.swift */ = {isa = PBXFileReference; lastKnownFileType = sourcecode.swift; path = CommunityGuidelinesView.swift; sourceTree = "<group>"; };
		6E48D3FA2AD513AF00DF255A /* EmojiListView.swift */ = {isa = PBXFileReference; lastKnownFileType = sourcecode.swift; path = EmojiListView.swift; sourceTree = "<group>"; };
		6E48D3FC2AD5140100DF255A /* EmojiGridView.swift */ = {isa = PBXFileReference; lastKnownFileType = sourcecode.swift; path = EmojiGridView.swift; sourceTree = "<group>"; };
		6E48D3FE2AD5157900DF255A /* LoadingScreen.mov */ = {isa = PBXFileReference; lastKnownFileType = video.quicktime; name = LoadingScreen.mov; path = "../../../Library/Messages/Attachments/ee/14/B550CF1E-63CA-4165-9F67-15D7812ABE59/LoadingScreen.mov"; sourceTree = "<group>"; };
/* End PBXFileReference section */

/* Begin PBXFrameworksBuildPhase section */
		6E48D3DD2AD50ECA00DF255A /* Frameworks */ = {
			isa = PBXFrameworksBuildPhase;
			buildActionMask = 2147483647;
			files = (
			);
			runOnlyForDeploymentPostprocessing = 0;
		};
/* End PBXFrameworksBuildPhase section */

/* Begin PBXGroup section */
		6E48D3D72AD50ECA00DF255A = {
			isa = PBXGroup;
			children = (
				6E48D3E22AD50ECA00DF255A /* AppleWizards */,
				6E48D3E12AD50ECA00DF255A /* Products */,
			);
			sourceTree = "<group>";
		};
		6E48D3E12AD50ECA00DF255A /* Products */ = {
			isa = PBXGroup;
			children = (
				6E48D3E02AD50ECA00DF255A /* The Feelings Map.app */,
			);
			name = Products;
			sourceTree = "<group>";
		};
		6E48D3E22AD50ECA00DF255A /* AppleWizards */ = {
			isa = PBXGroup;
			children = (
				6E48D3E32AD50ECA00DF255A /* AppleWizardsApp.swift */,
				6E48D3F12AD50F4100DF255A /* MapView.swift */,
				6E48D3E52AD50ECA00DF255A /* ContentView.swift */,
				6E48D3F52AD5101900DF255A /* LoadingView.swift */,
				6E48D3F72AD5105B00DF255A /* CommunityGuidelinesView.swift */,
				6E48D3F32AD50FD600DF255A /* StatisticsOverlayView.swift */,
				6E48D3FC2AD5140100DF255A /* EmojiGridView.swift */,
				6E48D3FA2AD513AF00DF255A /* EmojiListView.swift */,
				6E48D3FE2AD5157900DF255A /* LoadingScreen.mov */,
				6E48D3E72AD50ECB00DF255A /* Assets.xcassets */,
				6E48D3E92AD50ECB00DF255A /* Preview Content */,
			);
			path = AppleWizards;
			sourceTree = "<group>";
		};
		6E48D3E92AD50ECB00DF255A /* Preview Content */ = {
			isa = PBXGroup;
			children = (
				6E48D3EA2AD50ECB00DF255A /* Preview Assets.xcassets */,
			);
			path = "Preview Content";
			sourceTree = "<group>";
		};
/* End PBXGroup section */

/* Begin PBXNativeTarget section */
		6E48D3DF2AD50ECA00DF255A /* The Feelings Map */ = {
			isa = PBXNativeTarget;
			buildConfigurationList = 6E48D3EE2AD50ECB00DF255A /* Build configuration list for PBXNativeTarget "The Feelings Map" */;
			buildPhases = (
				6E48D3DC2AD50ECA00DF255A /* Sources */,
				6E48D3DD2AD50ECA00DF255A /* Frameworks */,
				6E48D3DE2AD50ECA00DF255A /* Resources */,
			);
			buildRules = (
			);
			dependencies = (
			);
			name = "The Feelings Map";
			productName = AppleWizards;
			productReference = 6E48D3E02AD50ECA00DF255A /* The Feelings Map.app */;
			productType = "com.apple.product-type.application";
		};
/* End PBXNativeTarget section */

/* Begin PBXProject section */
		6E48D3D82AD50ECA00DF255A /* Project object */ = {
			isa = PBXProject;
			attributes = {
				BuildIndependentTargetsInParallel = 1;
				LastSwiftUpdateCheck = 1500;
				LastUpgradeCheck = 1500;
				TargetAttributes = {
					6E48D3DF2AD50ECA00DF255A = {
						CreatedOnToolsVersion = 15.0;
					};
				};
			};
			buildConfigurationList = 6E48D3DB2AD50ECA00DF255A /* Build configuration list for PBXProject "The Feelings Map" */;
			compatibilityVersion = "Xcode 14.0";
			developmentRegion = en;
			hasScannedForEncodings = 0;
			knownRegions = (
				en,
				Base,
			);
			mainGroup = 6E48D3D72AD50ECA00DF255A;
			productRefGroup = 6E48D3E12AD50ECA00DF255A /* Products */;
			projectDirPath = "";
			projectRoot = "";
			targets = (
				6E48D3DF2AD50ECA00DF255A /* The Feelings Map */,
			);
		};
/* End PBXProject section */

/* Begin PBXResourcesBuildPhase section */
		6E48D3DE2AD50ECA00DF255A /* Resources */ = {
			isa = PBXResourcesBuildPhase;
			buildActionMask = 2147483647;
			files = (
				6E48D3EB2AD50ECB00DF255A /* Preview Assets.xcassets in Resources */,
				6E48D3FF2AD5157900DF255A /* LoadingScreen.mov in Resources */,
				6E48D3E82AD50ECB00DF255A /* Assets.xcassets in Resources */,
			);
			runOnlyForDeploymentPostprocessing = 0;
		};
/* End PBXResourcesBuildPhase section */

/* Begin PBXSourcesBuildPhase section */
		6E48D3DC2AD50ECA00DF255A /* Sources */ = {
			isa = PBXSourcesBuildPhase;
			buildActionMask = 2147483647;
			files = (
				6E48D3E62AD50ECA00DF255A /* ContentView.swift in Sources */,
				6E48D3F22AD50F4100DF255A /* MapView.swift in Sources */,
				6E48D3F42AD50FD600DF255A /* StatisticsOverlayView.swift in Sources */,
				6E48D3FD2AD5140100DF255A /* EmojiGridView.swift in Sources */,
				6E48D3F82AD5105B00DF255A /* CommunityGuidelinesView.swift in Sources */,
				6E48D3FB2AD513AF00DF255A /* EmojiListView.swift in Sources */,
				6E48D3F62AD5101900DF255A /* LoadingView.swift in Sources */,
				6E48D3E42AD50ECA00DF255A /* AppleWizardsApp.swift in Sources */,
			);
			runOnlyForDeploymentPostprocessing = 0;
		};
/* End PBXSourcesBuildPhase section */

/* Begin XCBuildConfiguration section */
		6E48D3EC2AD50ECB00DF255A /* Debug */ = {
			isa = XCBuildConfiguration;
			buildSettings = {
				ALWAYS_SEARCH_USER_PATHS = NO;
				ASSETCATALOG_COMPILER_GENERATE_SWIFT_ASSET_SYMBOL_EXTENSIONS = YES;
				CLANG_ANALYZER_NONNULL = YES;
				CLANG_ANALYZER_NUMBER_OBJECT_CONVERSION = YES_AGGRESSIVE;
				CLANG_CXX_LANGUAGE_STANDARD = "gnu++20";
				CLANG_ENABLE_MODULES = YES;
				CLANG_ENABLE_OBJC_ARC = YES;
				CLANG_ENABLE_OBJC_WEAK = YES;
				CLANG_WARN_BLOCK_CAPTURE_AUTORELEASING = YES;
				CLANG_WARN_BOOL_CONVERSION = YES;
				CLANG_WARN_COMMA = YES;
				CLANG_WARN_CONSTANT_CONVERSION = YES;
				CLANG_WARN_DEPRECATED_OBJC_IMPLEMENTATIONS = YES;
				CLANG_WARN_DIRECT_OBJC_ISA_USAGE = YES_ERROR;
				CLANG_WARN_DOCUMENTATION_COMMENTS = YES;
				CLANG_WARN_EMPTY_BODY = YES;
				CLANG_WARN_ENUM_CONVERSION = YES;
				CLANG_WARN_INFINITE_RECURSION = YES;
				CLANG_WARN_INT_CONVERSION = YES;
				CLANG_WARN_NON_LITERAL_NULL_CONVERSION = YES;
				CLANG_WARN_OBJC_IMPLICIT_RETAIN_SELF = YES;
				CLANG_WARN_OBJC_LITERAL_CONVERSION = YES;
				CLANG_WARN_OBJC_ROOT_CLASS = YES_ERROR;
				CLANG_WARN_QUOTED_INCLUDE_IN_FRAMEWORK_HEADER = YES;
				CLANG_WARN_RANGE_LOOP_ANALYSIS = YES;
				CLANG_WARN_STRICT_PROTOTYPES = YES;
				CLANG_WARN_SUSPICIOUS_MOVE = YES;
				CLANG_WARN_UNGUARDED_AVAILABILITY = YES_AGGRESSIVE;
				CLANG_WARN_UNREACHABLE_CODE = YES;
				CLANG_WARN__DUPLICATE_METHOD_MATCH = YES;
				COPY_PHASE_STRIP = NO;
				DEBUG_INFORMATION_FORMAT = dwarf;
				ENABLE_STRICT_OBJC_MSGSEND = YES;
				ENABLE_TESTABILITY = YES;
				ENABLE_USER_SCRIPT_SANDBOXING = YES;
				GCC_C_LANGUAGE_STANDARD = gnu17;
				GCC_DYNAMIC_NO_PIC = NO;
				GCC_NO_COMMON_BLOCKS = YES;
				GCC_OPTIMIZATION_LEVEL = 0;
				GCC_PREPROCESSOR_DEFINITIONS = (
					"DEBUG=1",
					"$(inherited)",
				);
				GCC_WARN_64_TO_32_BIT_CONVERSION = YES;
				GCC_WARN_ABOUT_RETURN_TYPE = YES_ERROR;
				GCC_WARN_UNDECLARED_SELECTOR = YES;
				GCC_WARN_UNINITIALIZED_AUTOS = YES_AGGRESSIVE;
				GCC_WARN_UNUSED_FUNCTION = YES;
				GCC_WARN_UNUSED_VARIABLE = YES;
				IPHONEOS_DEPLOYMENT_TARGET = 17.0;
				LOCALIZATION_PREFERS_STRING_CATALOGS = YES;
				MTL_ENABLE_DEBUG_INFO = INCLUDE_SOURCE;
				MTL_FAST_MATH = YES;
				ONLY_ACTIVE_ARCH = YES;
				SDKROOT = iphoneos;
				SWIFT_ACTIVE_COMPILATION_CONDITIONS = "DEBUG $(inherited)";
				SWIFT_OPTIMIZATION_LEVEL = "-Onone";
			};
			name = Debug;
		};
		6E48D3ED2AD50ECB00DF255A /* Release */ = {
			isa = XCBuildConfiguration;
			buildSettings = {
				ALWAYS_SEARCH_USER_PATHS = NO;
				ASSETCATALOG_COMPILER_GENERATE_SWIFT_ASSET_SYMBOL_EXTENSIONS = YES;
				CLANG_ANALYZER_NONNULL = YES;
				CLANG_ANALYZER_NUMBER_OBJECT_CONVERSION = YES_AGGRESSIVE;
				CLANG_CXX_LANGUAGE_STANDARD = "gnu++20";
				CLANG_ENABLE_MODULES = YES;
				CLANG_ENABLE_OBJC_ARC = YES;
				CLANG_ENABLE_OBJC_WEAK = YES;
				CLANG_WARN_BLOCK_CAPTURE_AUTORELEASING = YES;
				CLANG_WARN_BOOL_CONVERSION = YES;
				CLANG_WARN_COMMA = YES;
				CLANG_WARN_CONSTANT_CONVERSION = YES;
				CLANG_WARN_DEPRECATED_OBJC_IMPLEMENTATIONS = YES;
				CLANG_WARN_DIRECT_OBJC_ISA_USAGE = YES_ERROR;
				CLANG_WARN_DOCUMENTATION_COMMENTS = YES;
				CLANG_WARN_EMPTY_BODY = YES;
				CLANG_WARN_ENUM_CONVERSION = YES;
				CLANG_WARN_INFINITE_RECURSION = YES;
				CLANG_WARN_INT_CONVERSION = YES;
				CLANG_WARN_NON_LITERAL_NULL_CONVERSION = YES;
				CLANG_WARN_OBJC_IMPLICIT_RETAIN_SELF = YES;
				CLANG_WARN_OBJC_LITERAL_CONVERSION = YES;
				CLANG_WARN_OBJC_ROOT_CLASS = YES_ERROR;
				CLANG_WARN_QUOTED_INCLUDE_IN_FRAMEWORK_HEADER = YES;
				CLANG_WARN_RANGE_LOOP_ANALYSIS = YES;
				CLANG_WARN_STRICT_PROTOTYPES = YES;
				CLANG_WARN_SUSPICIOUS_MOVE = YES;
				CLANG_WARN_UNGUARDED_AVAILABILITY = YES_AGGRESSIVE;
				CLANG_WARN_UNREACHABLE_CODE = YES;
				CLANG_WARN__DUPLICATE_METHOD_MATCH = YES;
				COPY_PHASE_STRIP = NO;
				DEBUG_INFORMATION_FORMAT = "dwarf-with-dsym";
				ENABLE_NS_ASSERTIONS = NO;
				ENABLE_STRICT_OBJC_MSGSEND = YES;
				ENABLE_USER_SCRIPT_SANDBOXING = YES;
				GCC_C_LANGUAGE_STANDARD = gnu17;
				GCC_NO_COMMON_BLOCKS = YES;
				GCC_WARN_64_TO_32_BIT_CONVERSION = YES;
				GCC_WARN_ABOUT_RETURN_TYPE = YES_ERROR;
				GCC_WARN_UNDECLARED_SELECTOR = YES;
				GCC_WARN_UNINITIALIZED_AUTOS = YES_AGGRESSIVE;
				GCC_WARN_UNUSED_FUNCTION = YES;
				GCC_WARN_UNUSED_VARIABLE = YES;
				IPHONEOS_DEPLOYMENT_TARGET = 17.0;
				LOCALIZATION_PREFERS_STRING_CATALOGS = YES;
				MTL_ENABLE_DEBUG_INFO = NO;
				MTL_FAST_MATH = YES;
				SDKROOT = iphoneos;
				SWIFT_COMPILATION_MODE = wholemodule;
				VALIDATE_PRODUCT = YES;
			};
			name = Release;
		};
		6E48D3EF2AD50ECB00DF255A /* Debug */ = {
			isa = XCBuildConfiguration;
			buildSettings = {
				ASSETCATALOG_COMPILER_APPICON_NAME = AppIcon;
				ASSETCATALOG_COMPILER_GLOBAL_ACCENT_COLOR_NAME = AccentColor;
				CODE_SIGN_STYLE = Automatic;
				CURRENT_PROJECT_VERSION = 1;
				DEVELOPMENT_ASSET_PATHS = "\"AppleWizards/Preview Content\"";
				DEVELOPMENT_TEAM = 4952C5K768;
				ENABLE_PREVIEWS = YES;
				GENERATE_INFOPLIST_FILE = YES;
				INFOPLIST_KEY_UIApplicationSceneManifest_Generation = YES;
				INFOPLIST_KEY_UIApplicationSupportsIndirectInputEvents = YES;
				INFOPLIST_KEY_UILaunchScreen_Generation = YES;
				INFOPLIST_KEY_UISupportedInterfaceOrientations_iPad = "UIInterfaceOrientationPortrait UIInterfaceOrientationPortraitUpsideDown UIInterfaceOrientationLandscapeLeft UIInterfaceOrientationLandscapeRight";
				INFOPLIST_KEY_UISupportedInterfaceOrientations_iPhone = "UIInterfaceOrientationPortrait UIInterfaceOrientationLandscapeLeft UIInterfaceOrientationLandscapeRight";
				LD_RUNPATH_SEARCH_PATHS = (
					"$(inherited)",
					"@executable_path/Frameworks",
				);
				MARKETING_VERSION = 1.0;
				PRODUCT_BUNDLE_IDENTIFIER = com.modi.AppleWizards;
				PRODUCT_NAME = "$(TARGET_NAME)";
				SWIFT_EMIT_LOC_STRINGS = YES;
				SWIFT_VERSION = 5.0;
				TARGETED_DEVICE_FAMILY = "1,2";
			};
			name = Debug;
		};
		6E48D3F02AD50ECB00DF255A /* Release */ = {
			isa = XCBuildConfiguration;
			buildSettings = {
				ASSETCATALOG_COMPILER_APPICON_NAME = AppIcon;
				ASSETCATALOG_COMPILER_GLOBAL_ACCENT_COLOR_NAME = AccentColor;
				CODE_SIGN_STYLE = Automatic;
				CURRENT_PROJECT_VERSION = 1;
				DEVELOPMENT_ASSET_PATHS = "\"AppleWizards/Preview Content\"";
				DEVELOPMENT_TEAM = 4952C5K768;
				ENABLE_PREVIEWS = YES;
				GENERATE_INFOPLIST_FILE = YES;
				INFOPLIST_KEY_UIApplicationSceneManifest_Generation = YES;
				INFOPLIST_KEY_UIApplicationSupportsIndirectInputEvents = YES;
				INFOPLIST_KEY_UILaunchScreen_Generation = YES;
				INFOPLIST_KEY_UISupportedInterfaceOrientations_iPad = "UIInterfaceOrientationPortrait UIInterfaceOrientationPortraitUpsideDown UIInterfaceOrientationLandscapeLeft UIInterfaceOrientationLandscapeRight";
				INFOPLIST_KEY_UISupportedInterfaceOrientations_iPhone = "UIInterfaceOrientationPortrait UIInterfaceOrientationLandscapeLeft UIInterfaceOrientationLandscapeRight";
				LD_RUNPATH_SEARCH_PATHS = (
					"$(inherited)",
					"@executable_path/Frameworks",
				);
				MARKETING_VERSION = 1.0;
				PRODUCT_BUNDLE_IDENTIFIER = com.modi.AppleWizards;
				PRODUCT_NAME = "$(TARGET_NAME)";
				SWIFT_EMIT_LOC_STRINGS = YES;
				SWIFT_VERSION = 5.0;
				TARGETED_DEVICE_FAMILY = "1,2";
			};
			name = Release;
		};
/* End XCBuildConfiguration section */

/* Begin XCConfigurationList section */
		6E48D3DB2AD50ECA00DF255A /* Build configuration list for PBXProject "The Feelings Map" */ = {
			isa = XCConfigurationList;
			buildConfigurations = (
				6E48D3EC2AD50ECB00DF255A /* Debug */,
				6E48D3ED2AD50ECB00DF255A /* Release */,
			);
			defaultConfigurationIsVisible = 0;
			defaultConfigurationName = Release;
		};
		6E48D3EE2AD50ECB00DF255A /* Build configuration list for PBXNativeTarget "The Feelings Map" */ = {
			isa = XCConfigurationList;
			buildConfigurations = (
				6E48D3EF2AD50ECB00DF255A /* Debug */,
				6E48D3F02AD50ECB00DF255A /* Release */,
			);
			defaultConfigurationIsVisible = 0;
			defaultConfigurationName = Release;
		};
/* End XCConfigurationList section */
	};
	rootObject = 6E48D3D82AD50ECA00DF255A /* Project object */;
}
